{
  "name": "abctest",
  "version": "1.0.0",
  "lockfileVersion": 3,
  "requires": true,
  "packages": {
    "": {
      "name": "abctest",
      "version": "1.0.0",
      "license": "ISC",
      "dependencies": {
        "elma-pcx": "^1.1.2"
      }
    },
    "node_modules/elma-pcx": {
      "version": "1.1.2",
      "resolved": "https://registry.npmjs.org/elma-pcx/-/elma-pcx-1.1.2.tgz",
      "integrity": "sha512-K4fAbKXBJ3hmdajQ11zEk8voqUwbwc3cc/t01SsyFTIUKSr1m0um47SmKyDcQAmgtc+sMnJkuQpKHTwRwafE7g==",
      "license": "MIT"
    }
  }
}
